{
  "markbot": "63abdf66b5ed958f9c8fa98c5bb3b15350b909489629db30496a964156745a2e",
  "index-320.png": "ce9d3ac7e7a5cf4fc27c36f400d040b6bd07b04ac412ebe856facdf879151bc0",
  "index-400.png": "366c8654285b351af8c10cb0ef6b34b1ee92bcbc0ab9c7bfeef56c98d5f7d668",
  "index-650.png": "c53532074870144976f4968d2f2fc9d404c053e5682f9666ad2d171ddea18075",
  "index-980.png": "41d6a6bb53c996912d30b904622cad09822a21ff2f79436e94d8e6f296e7e4ae",
  "index-1400.png": "fb0f5ea0fd301f76400a9edda222d9be312d38407bda0dabeb07a72067f046dc"
}